
Microsoft Visual Studio Solution File, Format Version 12.00
# Visual Studio Version 16
VisualStudioVersion = 16.0.30114.105
MinimumVisualStudioVersion = 10.0.40219.1
Project("{FAE04EC0-301F-11D3-BF4B-00C04F79EFBC}") = "SharpItch", "SharpItch\SharpItch.csproj", "{B90DAF97-2D7F-497B-BAD1-2C96F6D1F9D4}"
EndProject
Global
	GlobalSection(SolutionConfigurationPlatforms) = preSolution
		Debug|Any CPU = Debug|Any CPU
		Release|Any CPU = Release|Any CPU
	EndGlobalSection
	GlobalSection(SolutionProperties) = preSolution
		HideSolutionNode = FALSE
	EndGlobalSection
	GlobalSection(ProjectConfigurationPlatforms) = postSolution
		{B90DAF97-2D7F-497B-BAD1-2C96F6D1F9D4}.Debug|Any CPU.ActiveCfg = Debug|Any CPU
		{B90DAF97-2D7F-497B-BAD1-2C96F6D1F9D4}.Debug|Any CPU.Build.0 = Debug|Any CPU
		{B90DAF97-2D7F-497B-BAD1-2C96F6D1F9D4}.Release|Any CPU.ActiveCfg = Release|Any CPU
		{B90DAF97-2D7F-497B-BAD1-2C96F6D1F9D4}.Release|Any CPU.Build.0 = Release|Any CPU
		{5BBA5B23-F0B6-4D23-AF48-F13A0168B164}.Debug|Any CPU.ActiveCfg = Debug|Any CPU
		{5BBA5B23-F0B6-4D23-AF48-F13A0168B164}.Debug|Any CPU.Build.0 = Debug|Any CPU
		{5BBA5B23-F0B6-4D23-AF48-F13A0168B164}.Release|Any CPU.ActiveCfg = Release|Any CPU
		{5BBA5B23-F0B6-4D23-AF48-F13A0168B164}.Release|Any CPU.Build.0 = Release|Any CPU
	EndGlobalSection
EndGlobal
